
Microsoft Visual Studio Solution File, Format Version 12.00
# Visual Studio Version 16
VisualStudioVersion = 16.0.30717.126
MinimumVisualStudioVersion = 10.0.40219.1
Project("{FAE04EC0-301F-11D3-BF4B-00C04F79EFBC}") = "ExamsWebApp", "ExamsWebApp\ExamsWebApp.csproj", "{43D13DBC-253F-41D3-B09A-D156209D82EE}"
EndProject
Global
	GlobalSection(SolutionConfigurationPlatforms) = preSolution
		Debug|Any CPU = Debug|Any CPU
		Release|Any CPU = Release|Any CPU
	EndGlobalSection
	GlobalSection(ProjectConfigurationPlatforms) = postSolution
		{43D13DBC-253F-41D3-B09A-D156209D82EE}.Debug|Any CPU.ActiveCfg = Debug|Any CPU
		{43D13DBC-253F-41D3-B09A-D156209D82EE}.Debug|Any CPU.Build.0 = Debug|Any CPU
		{43D13DBC-253F-41D3-B09A-D156209D82EE}.Release|Any CPU.ActiveCfg = Release|Any CPU
		{43D13DBC-253F-41D3-B09A-D156209D82EE}.Release|Any CPU.Build.0 = Release|Any CPU
	EndGlobalSection
	GlobalSection(SolutionProperties) = preSolution
		HideSolutionNode = FALSE
	EndGlobalSection
	GlobalSection(ExtensibilityGlobals) = postSolution
		SolutionGuid = {509F0C54-EE59-495A-BE62-5E77A99F7656}
	EndGlobalSection
EndGlobal
